
Microsoft Visual Studio Solution File, Format Version 12.00
# Visual Studio Version 16
VisualStudioVersion = 16.0.31515.178
MinimumVisualStudioVersion = 10.0.40219.1
Project("{888888A0-9F3D-457C-B088-3A5042F75D52}") = "GuessingGame", "GuessingGame.pyproj", "{D67FA048-BEA4-43CC-8E31-E3A4808BEA1F}"
EndProject
Global
	GlobalSection(SolutionConfigurationPlatforms) = preSolution
		Debug|Any CPU = Debug|Any CPU
		Release|Any CPU = Release|Any CPU
	EndGlobalSection
	GlobalSection(ProjectConfigurationPlatforms) = postSolution
		{D67FA048-BEA4-43CC-8E31-E3A4808BEA1F}.Debug|Any CPU.ActiveCfg = Debug|Any CPU
		{D67FA048-BEA4-43CC-8E31-E3A4808BEA1F}.Release|Any CPU.ActiveCfg = Release|Any CPU
	EndGlobalSection
	GlobalSection(SolutionProperties) = preSolution
		HideSolutionNode = FALSE
	EndGlobalSection
	GlobalSection(ExtensibilityGlobals) = postSolution
		SolutionGuid = {E4C63A68-0D9D-47CA-B451-99E99E2AB030}
	EndGlobalSection
EndGlobal
